
Microsoft Visual Studio Solution File, Format Version 12.00
# Visual Studio 2012
Project("{FAE04EC0-301F-11D3-BF4B-00C04F79EFBC}") = "Git", "Git\Git.csproj", "{441F82F2-1F20-4388-8A5C-E18E568478C4}"
EndProject
Project("{FAE04EC0-301F-11D3-BF4B-00C04F79EFBC}") = "GitHub", "GitHub\GitHub.csproj", "{35C7CDB4-4034-4205-AE5B-0BF096D84B0D}"
EndProject
Global
	GlobalSection(SolutionConfigurationPlatforms) = preSolution
		Debug|Any CPU = Debug|Any CPU
		Release|Any CPU = Release|Any CPU
	EndGlobalSection
	GlobalSection(ProjectConfigurationPlatforms) = postSolution
		{441F82F2-1F20-4388-8A5C-E18E568478C4}.Debug|Any CPU.ActiveCfg = Debug|Any CPU
		{441F82F2-1F20-4388-8A5C-E18E568478C4}.Debug|Any CPU.Build.0 = Debug|Any CPU
		{441F82F2-1F20-4388-8A5C-E18E568478C4}.Release|Any CPU.ActiveCfg = Release|Any CPU
		{441F82F2-1F20-4388-8A5C-E18E568478C4}.Release|Any CPU.Build.0 = Release|Any CPU
		{35C7CDB4-4034-4205-AE5B-0BF096D84B0D}.Debug|Any CPU.ActiveCfg = Debug|Any CPU
		{35C7CDB4-4034-4205-AE5B-0BF096D84B0D}.Debug|Any CPU.Build.0 = Debug|Any CPU
		{35C7CDB4-4034-4205-AE5B-0BF096D84B0D}.Release|Any CPU.ActiveCfg = Release|Any CPU
		{35C7CDB4-4034-4205-AE5B-0BF096D84B0D}.Release|Any CPU.Build.0 = Release|Any CPU
	EndGlobalSection
	GlobalSection(SolutionProperties) = preSolution
		HideSolutionNode = FALSE
	EndGlobalSection
EndGlobal
